
Microsoft Visual Studio Solution File, Format Version 12.00
# Visual Studio Version 17
VisualStudioVersion = 17.4.33006.217
MinimumVisualStudioVersion = 10.0.40219.1
Project("{FAE04EC0-301F-11D3-BF4B-00C04F79EFBC}") = "ImageSorter", "ImageSorter.csproj", "{DE4A5E17-A1EE-4060-870F-8920FA212F92}"
EndProject
Global
	GlobalSection(SolutionConfigurationPlatforms) = preSolution
		Debug|Any CPU = Debug|Any CPU
		Release|Any CPU = Release|Any CPU
	EndGlobalSection
	GlobalSection(ProjectConfigurationPlatforms) = postSolution
		{DE4A5E17-A1EE-4060-870F-8920FA212F92}.Debug|Any CPU.ActiveCfg = Debug|Any CPU
		{DE4A5E17-A1EE-4060-870F-8920FA212F92}.Debug|Any CPU.Build.0 = Debug|Any CPU
		{DE4A5E17-A1EE-4060-870F-8920FA212F92}.Release|Any CPU.ActiveCfg = Release|Any CPU
		{DE4A5E17-A1EE-4060-870F-8920FA212F92}.Release|Any CPU.Build.0 = Release|Any CPU
	EndGlobalSection
	GlobalSection(SolutionProperties) = preSolution
		HideSolutionNode = FALSE
	EndGlobalSection
	GlobalSection(ExtensibilityGlobals) = postSolution
		SolutionGuid = {1E9691DE-D27A-4275-BAA6-8BFB453BD83C}
	EndGlobalSection
EndGlobal
